
Microsoft Visual Studio Solution File, Format Version 12.00
# Visual Studio Version 17
VisualStudioVersion = 17.5.002.0
MinimumVisualStudioVersion = 10.0.40219.1
Project("{9A19103F-16F7-4668-BE54-9A1E7A4F7556}") = "Redis_API", "Redis_API.csproj", "{2B7CBE98-64D8-4D0C-BAD6-8BBF5B35A6EF}"
EndProject
Global
	GlobalSection(SolutionConfigurationPlatforms) = preSolution
		Debug|Any CPU = Debug|Any CPU
		Release|Any CPU = Release|Any CPU
	EndGlobalSection
	GlobalSection(ProjectConfigurationPlatforms) = postSolution
		{2B7CBE98-64D8-4D0C-BAD6-8BBF5B35A6EF}.Debug|Any CPU.ActiveCfg = Debug|Any CPU
		{2B7CBE98-64D8-4D0C-BAD6-8BBF5B35A6EF}.Debug|Any CPU.Build.0 = Debug|Any CPU
		{2B7CBE98-64D8-4D0C-BAD6-8BBF5B35A6EF}.Release|Any CPU.ActiveCfg = Release|Any CPU
		{2B7CBE98-64D8-4D0C-BAD6-8BBF5B35A6EF}.Release|Any CPU.Build.0 = Release|Any CPU
	EndGlobalSection
	GlobalSection(SolutionProperties) = preSolution
		HideSolutionNode = FALSE
	EndGlobalSection
	GlobalSection(ExtensibilityGlobals) = postSolution
		SolutionGuid = {D41BE6C9-FBE9-47EC-8A2D-D5F8D5DE58C6}
	EndGlobalSection
EndGlobal
